
Microsoft Visual Studio Solution File, Format Version 12.00
# Visual Studio 2012
Project("{8BC9CEB8-8B4A-11D0-8D11-00A0C91BC942}") = "Introduction", "Introduction\Introduction.vcxproj", "{6319867F-ED41-45C6-80E5-A062742A86CF}"
EndProject
Project("{8BC9CEB8-8B4A-11D0-8D11-00A0C91BC942}") = "Introduction01", "Introduction01\Introduction01.vcxproj", "{AA0FC75C-BC35-434D-B99D-06646B502611}"
EndProject
Project("{8BC9CEB8-8B4A-11D0-8D11-00A0C91BC942}") = "Introduction02", "Introduction02\Introduction02.vcxproj", "{AFEA9170-72DD-430B-B6C5-5D98AA8AF4F9}"
EndProject
Project("{8BC9CEB8-8B4A-11D0-8D11-00A0C91BC942}") = "Introduction03", "Introduction03\Introduction03.vcxproj", "{2F69AC7F-E5C3-4BC6-8878-8AF42F29E8BC}"
EndProject
Project("{8BC9CEB8-8B4A-11D0-8D11-00A0C91BC942}") = "Introduction05", "Introduction05\Introduction05.vcxproj", "{C01E167A-3BF0-4D2A-A64D-5ABED85320F7}"
EndProject
Project("{8BC9CEB8-8B4A-11D0-8D11-00A0C91BC942}") = "Introduction06", "Introduction06\Introduction06.vcxproj", "{7C8D9EBF-3B4B-49AC-9F30-0461DEAADB3D}"
EndProject
Project("{8BC9CEB8-8B4A-11D0-8D11-00A0C91BC942}") = "Introduction07", "Introduction07\Introduction07.vcxproj", "{D109EDA6-85B2-4BE7-A5D0-56B7591AC76B}"
EndProject
Project("{8BC9CEB8-8B4A-11D0-8D11-00A0C91BC942}") = "Introduction15", "Introduction15\Introduction15.vcxproj", "{7615EB75-2E5E-47C7-981D-F6B7758AD2EF}"
EndProject
Global
	GlobalSection(SolutionConfigurationPlatforms) = preSolution
		Debug|Win32 = Debug|Win32
		Release|Win32 = Release|Win32
	EndGlobalSection
	GlobalSection(ProjectConfigurationPlatforms) = postSolution
		{6319867F-ED41-45C6-80E5-A062742A86CF}.Debug|Win32.ActiveCfg = Debug|Win32
		{6319867F-ED41-45C6-80E5-A062742A86CF}.Debug|Win32.Build.0 = Debug|Win32
		{6319867F-ED41-45C6-80E5-A062742A86CF}.Release|Win32.ActiveCfg = Release|Win32
		{6319867F-ED41-45C6-80E5-A062742A86CF}.Release|Win32.Build.0 = Release|Win32
		{AA0FC75C-BC35-434D-B99D-06646B502611}.Debug|Win32.ActiveCfg = Debug|Win32
		{AA0FC75C-BC35-434D-B99D-06646B502611}.Debug|Win32.Build.0 = Debug|Win32
		{AA0FC75C-BC35-434D-B99D-06646B502611}.Release|Win32.ActiveCfg = Release|Win32
		{AA0FC75C-BC35-434D-B99D-06646B502611}.Release|Win32.Build.0 = Release|Win32
		{AFEA9170-72DD-430B-B6C5-5D98AA8AF4F9}.Debug|Win32.ActiveCfg = Debug|Win32
		{AFEA9170-72DD-430B-B6C5-5D98AA8AF4F9}.Debug|Win32.Build.0 = Debug|Win32
		{AFEA9170-72DD-430B-B6C5-5D98AA8AF4F9}.Release|Win32.ActiveCfg = Release|Win32
		{AFEA9170-72DD-430B-B6C5-5D98AA8AF4F9}.Release|Win32.Build.0 = Release|Win32
		{2F69AC7F-E5C3-4BC6-8878-8AF42F29E8BC}.Debug|Win32.ActiveCfg = Debug|Win32
		{2F69AC7F-E5C3-4BC6-8878-8AF42F29E8BC}.Debug|Win32.Build.0 = Debug|Win32
		{2F69AC7F-E5C3-4BC6-8878-8AF42F29E8BC}.Release|Win32.ActiveCfg = Release|Win32
		{2F69AC7F-E5C3-4BC6-8878-8AF42F29E8BC}.Release|Win32.Build.0 = Release|Win32
		{C01E167A-3BF0-4D2A-A64D-5ABED85320F7}.Debug|Win32.ActiveCfg = Debug|Win32
		{C01E167A-3BF0-4D2A-A64D-5ABED85320F7}.Debug|Win32.Build.0 = Debug|Win32
		{C01E167A-3BF0-4D2A-A64D-5ABED85320F7}.Release|Win32.ActiveCfg = Release|Win32
		{C01E167A-3BF0-4D2A-A64D-5ABED85320F7}.Release|Win32.Build.0 = Release|Win32
		{7C8D9EBF-3B4B-49AC-9F30-0461DEAADB3D}.Debug|Win32.ActiveCfg = Debug|Win32
		{7C8D9EBF-3B4B-49AC-9F30-0461DEAADB3D}.Debug|Win32.Build.0 = Debug|Win32
		{7C8D9EBF-3B4B-49AC-9F30-0461DEAADB3D}.Release|Win32.ActiveCfg = Release|Win32
		{7C8D9EBF-3B4B-49AC-9F30-0461DEAADB3D}.Release|Win32.Build.0 = Release|Win32
		{D109EDA6-85B2-4BE7-A5D0-56B7591AC76B}.Debug|Win32.ActiveCfg = Debug|Win32
		{D109EDA6-85B2-4BE7-A5D0-56B7591AC76B}.Debug|Win32.Build.0 = Debug|Win32
		{D109EDA6-85B2-4BE7-A5D0-56B7591AC76B}.Release|Win32.ActiveCfg = Release|Win32
		{D109EDA6-85B2-4BE7-A5D0-56B7591AC76B}.Release|Win32.Build.0 = Release|Win32
		{7615EB75-2E5E-47C7-981D-F6B7758AD2EF}.Debug|Win32.ActiveCfg = Debug|Win32
		{7615EB75-2E5E-47C7-981D-F6B7758AD2EF}.Debug|Win32.Build.0 = Debug|Win32
		{7615EB75-2E5E-47C7-981D-F6B7758AD2EF}.Release|Win32.ActiveCfg = Release|Win32
		{7615EB75-2E5E-47C7-981D-F6B7758AD2EF}.Release|Win32.Build.0 = Release|Win32
	EndGlobalSection
	GlobalSection(SolutionProperties) = preSolution
		HideSolutionNode = FALSE
	EndGlobalSection
EndGlobal
